
Microsoft Visual Studio Solution File, Format Version 12.00
# Visual Studio Version 16
VisualStudioVersion = 16.0.31613.86
MinimumVisualStudioVersion = 10.0.40219.1
Project("{FAE04EC0-301F-11D3-BF4B-00C04F79EFBC}") = "ProjetoWebMvc", "ProjetoWebMvc\ProjetoWebMvc.csproj", "{0F53FFB6-B91B-44DA-88ED-67E71328E10C}"
EndProject
Global
	GlobalSection(SolutionConfigurationPlatforms) = preSolution
		Debug|Any CPU = Debug|Any CPU
		Release|Any CPU = Release|Any CPU
	EndGlobalSection
	GlobalSection(ProjectConfigurationPlatforms) = postSolution
		{0F53FFB6-B91B-44DA-88ED-67E71328E10C}.Debug|Any CPU.ActiveCfg = Debug|Any CPU
		{0F53FFB6-B91B-44DA-88ED-67E71328E10C}.Debug|Any CPU.Build.0 = Debug|Any CPU
		{0F53FFB6-B91B-44DA-88ED-67E71328E10C}.Release|Any CPU.ActiveCfg = Release|Any CPU
		{0F53FFB6-B91B-44DA-88ED-67E71328E10C}.Release|Any CPU.Build.0 = Release|Any CPU
	EndGlobalSection
	GlobalSection(SolutionProperties) = preSolution
		HideSolutionNode = FALSE
	EndGlobalSection
	GlobalSection(ExtensibilityGlobals) = postSolution
		SolutionGuid = {F8BB670C-16C1-453A-9873-7FCAEC4EE45F}
	EndGlobalSection
EndGlobal
